
Microsoft Visual Studio Solution File, Format Version 12.00
# Visual Studio Version 17
VisualStudioVersion = 17.5.33502.453
MinimumVisualStudioVersion = 10.0.40219.1
Project("{9A19103F-16F7-4668-BE54-9A1E7A4F7556}") = "WF", "WF\WF.csproj", "{EC3FEBA6-1EE3-470F-AF50-A63C59884B8C}"
EndProject
Project("{FAE04EC0-301F-11D3-BF4B-00C04F79EFBC}") = "FuelCalcLibrary", "FuelCalcLibrary\FuelCalcLibrary.csproj", "{10FC4D96-FB05-4C5B-A67A-EE4FD51C96CE}"
EndProject
Global
	GlobalSection(SolutionConfigurationPlatforms) = preSolution
		Debug|Any CPU = Debug|Any CPU
		Release|Any CPU = Release|Any CPU
	EndGlobalSection
	GlobalSection(ProjectConfigurationPlatforms) = postSolution
		{EC3FEBA6-1EE3-470F-AF50-A63C59884B8C}.Debug|Any CPU.ActiveCfg = Debug|Any CPU
		{EC3FEBA6-1EE3-470F-AF50-A63C59884B8C}.Debug|Any CPU.Build.0 = Debug|Any CPU
		{EC3FEBA6-1EE3-470F-AF50-A63C59884B8C}.Release|Any CPU.ActiveCfg = Release|Any CPU
		{EC3FEBA6-1EE3-470F-AF50-A63C59884B8C}.Release|Any CPU.Build.0 = Release|Any CPU
		{10FC4D96-FB05-4C5B-A67A-EE4FD51C96CE}.Debug|Any CPU.ActiveCfg = Debug|Any CPU
		{10FC4D96-FB05-4C5B-A67A-EE4FD51C96CE}.Debug|Any CPU.Build.0 = Debug|Any CPU
		{10FC4D96-FB05-4C5B-A67A-EE4FD51C96CE}.Release|Any CPU.ActiveCfg = Release|Any CPU
		{10FC4D96-FB05-4C5B-A67A-EE4FD51C96CE}.Release|Any CPU.Build.0 = Release|Any CPU
	EndGlobalSection
	GlobalSection(SolutionProperties) = preSolution
		HideSolutionNode = FALSE
	EndGlobalSection
	GlobalSection(ExtensibilityGlobals) = postSolution
		SolutionGuid = {684DF10A-36B2-4BB0-806F-0ADC525A4991}
	EndGlobalSection
EndGlobal
